
Microsoft Visual Studio Solution File, Format Version 12.00
# Visual Studio Version 17
VisualStudioVersion = 17.3.32929.385
MinimumVisualStudioVersion = 10.0.40219.1
Project("{FAE04EC0-301F-11D3-BF4B-00C04F79EFBC}") = "KyawGyiApi", "KyawGyiApi\KyawGyiApi.csproj", "{09D807F5-B87E-4346-8C5B-9C281D5BC6BE}"
EndProject
Global
	GlobalSection(SolutionConfigurationPlatforms) = preSolution
		Debug|Any CPU = Debug|Any CPU
		Release|Any CPU = Release|Any CPU
	EndGlobalSection
	GlobalSection(ProjectConfigurationPlatforms) = postSolution
		{09D807F5-B87E-4346-8C5B-9C281D5BC6BE}.Debug|Any CPU.ActiveCfg = Debug|Any CPU
		{09D807F5-B87E-4346-8C5B-9C281D5BC6BE}.Debug|Any CPU.Build.0 = Debug|Any CPU
		{09D807F5-B87E-4346-8C5B-9C281D5BC6BE}.Release|Any CPU.ActiveCfg = Release|Any CPU
		{09D807F5-B87E-4346-8C5B-9C281D5BC6BE}.Release|Any CPU.Build.0 = Release|Any CPU
	EndGlobalSection
	GlobalSection(SolutionProperties) = preSolution
		HideSolutionNode = FALSE
	EndGlobalSection
	GlobalSection(ExtensibilityGlobals) = postSolution
		SolutionGuid = {C7AE123C-0435-4960-8230-D36C8656A32C}
	EndGlobalSection
EndGlobal
